
Microsoft Visual Studio Solution File, Format Version 12.00
# Visual Studio Version 17
VisualStudioVersion = 17.2.32616.157
MinimumVisualStudioVersion = 10.0.40219.1
Project("{FAE04EC0-301F-11D3-BF4B-00C04F79EFBC}") = "Pong", "Pong\Pong.csproj", "{C852DDD1-0C8F-476B-98BF-8DB22A958DAD}"
EndProject
Global
	GlobalSection(SolutionConfigurationPlatforms) = preSolution
		Debug|Any CPU = Debug|Any CPU
		Release|Any CPU = Release|Any CPU
	EndGlobalSection
	GlobalSection(ProjectConfigurationPlatforms) = postSolution
		{C852DDD1-0C8F-476B-98BF-8DB22A958DAD}.Debug|Any CPU.ActiveCfg = Debug|Any CPU
		{C852DDD1-0C8F-476B-98BF-8DB22A958DAD}.Debug|Any CPU.Build.0 = Debug|Any CPU
		{C852DDD1-0C8F-476B-98BF-8DB22A958DAD}.Release|Any CPU.ActiveCfg = Release|Any CPU
		{C852DDD1-0C8F-476B-98BF-8DB22A958DAD}.Release|Any CPU.Build.0 = Release|Any CPU
	EndGlobalSection
	GlobalSection(SolutionProperties) = preSolution
		HideSolutionNode = FALSE
	EndGlobalSection
	GlobalSection(ExtensibilityGlobals) = postSolution
		SolutionGuid = {1E914E00-C043-4331-9B73-24F2A49D6C97}
	EndGlobalSection
EndGlobal
